// !$*UTF8*$!
{
	archiveVersion = 1;
	classes = {
	};
	objectVersion = 50;
	objects = {

/* Begin PBXBuildFile section */
		6A3430EC2671F1750018D8C2 /* Match_PlayApp.swift in Sources */ = {isa = PBXBuildFile; fileRef = 6A3430EB2671F1750018D8C2 /* Match_PlayApp.swift */; };
		6A3430EE2671F1750018D8C2 /* ContentView.swift in Sources */ = {isa = PBXBuildFile; fileRef = 6A3430ED2671F1750018D8C2 /* ContentView.swift */; };
		6A3430F02671F1760018D8C2 /* Assets.xcassets in Resources */ = {isa = PBXBuildFile; fileRef = 6A3430EF2671F1760018D8C2 /* Assets.xcassets */; };
		6A3430F32671F1760018D8C2 /* Preview Assets.xcassets in Resources */ = {isa = PBXBuildFile; fileRef = 6A3430F22671F1760018D8C2 /* Preview Assets.xcassets */; };
		6A3430FE2671F1760018D8C2 /* Match_PlayTests.swift in Sources */ = {isa = PBXBuildFile; fileRef = 6A3430FD2671F1760018D8C2 /* Match_PlayTests.swift */; };
		6A3431092671F1760018D8C2 /* Match_PlayUITests.swift in Sources */ = {isa = PBXBuildFile; fileRef = 6A3431082671F1760018D8C2 /* Match_PlayUITests.swift */; };
		6A3431192671F3BA0018D8C2 /* LoginUser.swift in Sources */ = {isa = PBXBuildFile; fileRef = 6A3431182671F3BA0018D8C2 /* LoginUser.swift */; };
		6A34311B2671FB430018D8C2 /* Token.swift in Sources */ = {isa = PBXBuildFile; fileRef = 6A34311A2671FB430018D8C2 /* Token.swift */; };
		6A34311D267204AC0018D8C2 /* Match.swift in Sources */ = {isa = PBXBuildFile; fileRef = 6A34311C267204AC0018D8C2 /* Match.swift */; };
		6A34311F267207910018D8C2 /* UserFeed.swift in Sources */ = {isa = PBXBuildFile; fileRef = 6A34311E267207910018D8C2 /* UserFeed.swift */; };
		6A34312426720B2B0018D8C2 /* MatchView.swift in Sources */ = {isa = PBXBuildFile; fileRef = 6A34312326720B2B0018D8C2 /* MatchView.swift */; };
		6A34312626720E660018D8C2 /* ScorePointsView.swift in Sources */ = {isa = PBXBuildFile; fileRef = 6A34312526720E660018D8C2 /* ScorePointsView.swift */; };
/* End PBXBuildFile section */

/* Begin PBXContainerItemProxy section */
		6A3430FA2671F1760018D8C2 /* PBXContainerItemProxy */ = {
			isa = PBXContainerItemProxy;
			containerPortal = 6A3430E02671F1750018D8C2 /* Project object */;
			proxyType = 1;
			remoteGlobalIDString = 6A3430E72671F1750018D8C2;
			remoteInfo = "Match-Play";
		};
		6A3431052671F1760018D8C2 /* PBXContainerItemProxy */ = {
			isa = PBXContainerItemProxy;
			containerPortal = 6A3430E02671F1750018D8C2 /* Project object */;
			proxyType = 1;
			remoteGlobalIDString = 6A3430E72671F1750018D8C2;
			remoteInfo = "Match-Play";
		};
/* End PBXContainerItemProxy section */

/* Begin PBXFileReference section */
		6A3430E82671F1750018D8C2 /* Match-Play.app */ = {isa = PBXFileReference; explicitFileType = wrapper.application; includeInIndex = 0; path = "Match-Play.app"; sourceTree = BUILT_PRODUCTS_DIR; };
		6A3430EB2671F1750018D8C2 /* Match_PlayApp.swift */ = {isa = PBXFileReference; lastKnownFileType = sourcecode.swift; path = Match_PlayApp.swift; sourceTree = "<group>"; };
		6A3430ED2671F1750018D8C2 /* ContentView.swift */ = {isa = PBXFileReference; lastKnownFileType = sourcecode.swift; path = ContentView.swift; sourceTree = "<group>"; };
		6A3430EF2671F1760018D8C2 /* Assets.xcassets */ = {isa = PBXFileReference; lastKnownFileType = folder.assetcatalog; path = Assets.xcassets; sourceTree = "<group>"; };
		6A3430F22671F1760018D8C2 /* Preview Assets.xcassets */ = {isa = PBXFileReference; lastKnownFileType = folder.assetcatalog; path = "Preview Assets.xcassets"; sourceTree = "<group>"; };
		6A3430F42671F1760018D8C2 /* Info.plist */ = {isa = PBXFileReference; lastKnownFileType = text.plist.xml; path = Info.plist; sourceTree = "<group>"; };
		6A3430F92671F1760018D8C2 /* Match-PlayTests.xctest */ = {isa = PBXFileReference; explicitFileType = wrapper.cfbundle; includeInIndex = 0; path = "Match-PlayTests.xctest"; sourceTree = BUILT_PRODUCTS_DIR; };
		6A3430FD2671F1760018D8C2 /* Match_PlayTests.swift */ = {isa = PBXFileReference; lastKnownFileType = sourcecode.swift; path = Match_PlayTests.swift; sourceTree = "<group>"; };
		6A3430FF2671F1760018D8C2 /* Info.plist */ = {isa = PBXFileReference; lastKnownFileType = text.plist.xml; path = Info.plist; sourceTree = "<group>"; };
		6A3431042671F1760018D8C2 /* Match-PlayUITests.xctest */ = {isa = PBXFileReference; explicitFileType = wrapper.cfbundle; includeInIndex = 0; path = "Match-PlayUITests.xctest"; sourceTree = BUILT_PRODUCTS_DIR; };
		6A3431082671F1760018D8C2 /* Match_PlayUITests.swift */ = {isa = PBXFileReference; lastKnownFileType = sourcecode.swift; path = Match_PlayUITests.swift; sourceTree = "<group>"; };
		6A34310A2671F1760018D8C2 /* Info.plist */ = {isa = PBXFileReference; lastKnownFileType = text.plist.xml; path = Info.plist; sourceTree = "<group>"; };
		6A3431182671F3BA0018D8C2 /* LoginUser.swift */ = {isa = PBXFileReference; lastKnownFileType = sourcecode.swift; path = LoginUser.swift; sourceTree = "<group>"; };
		6A34311A2671FB430018D8C2 /* Token.swift */ = {isa = PBXFileReference; lastKnownFileType = sourcecode.swift; path = Token.swift; sourceTree = "<group>"; };
		6A34311C267204AC0018D8C2 /* Match.swift */ = {isa = PBXFileReference; lastKnownFileType = sourcecode.swift; path = Match.swift; sourceTree = "<group>"; };
		6A34311E267207910018D8C2 /* UserFeed.swift */ = {isa = PBXFileReference; lastKnownFileType = sourcecode.swift; path = UserFeed.swift; sourceTree = "<group>"; };
		6A34312326720B2B0018D8C2 /* MatchView.swift */ = {isa = PBXFileReference; lastKnownFileType = sourcecode.swift; path = MatchView.swift; sourceTree = "<group>"; };
		6A34312526720E660018D8C2 /* ScorePointsView.swift */ = {isa = PBXFileReference; lastKnownFileType = sourcecode.swift; path = ScorePointsView.swift; sourceTree = "<group>"; };
/* End PBXFileReference section */

/* Begin PBXFrameworksBuildPhase section */
		6A3430E52671F1750018D8C2 /* Frameworks */ = {
			isa = PBXFrameworksBuildPhase;
			buildActionMask = 2147483647;
			files = (
			);
			runOnlyForDeploymentPostprocessing = 0;
		};
		6A3430F62671F1760018D8C2 /* Frameworks */ = {
			isa = PBXFrameworksBuildPhase;
			buildActionMask = 2147483647;
			files = (
			);
			runOnlyForDeploymentPostprocessing = 0;
		};
		6A3431012671F1760018D8C2 /* Frameworks */ = {
			isa = PBXFrameworksBuildPhase;
			buildActionMask = 2147483647;
			files = (
			);
			runOnlyForDeploymentPostprocessing = 0;
		};
/* End PBXFrameworksBuildPhase section */

/* Begin PBXGroup section */
		6A3430DF2671F1750018D8C2 = {
			isa = PBXGroup;
			children = (
				6A3430EA2671F1750018D8C2 /* Match-Play */,
				6A3430FC2671F1760018D8C2 /* Match-PlayTests */,
				6A3431072671F1760018D8C2 /* Match-PlayUITests */,
				6A3430E92671F1750018D8C2 /* Products */,
			);
			sourceTree = "<group>";
		};
		6A3430E92671F1750018D8C2 /* Products */ = {
			isa = PBXGroup;
			children = (
				6A3430E82671F1750018D8C2 /* Match-Play.app */,
				6A3430F92671F1760018D8C2 /* Match-PlayTests.xctest */,
				6A3431042671F1760018D8C2 /* Match-PlayUITests.xctest */,
			);
			name = Products;
			sourceTree = "<group>";
		};
		6A3430EA2671F1750018D8C2 /* Match-Play */ = {
			isa = PBXGroup;
			children = (
				6A3431172671F3AA0018D8C2 /* Models */,
				6A3431162671F38F0018D8C2 /* Views */,
				6A3430EB2671F1750018D8C2 /* Match_PlayApp.swift */,
				6A3430EF2671F1760018D8C2 /* Assets.xcassets */,
				6A3430F42671F1760018D8C2 /* Info.plist */,
				6A3430F12671F1760018D8C2 /* Preview Content */,
			);
			path = "Match-Play";
			sourceTree = "<group>";
		};
		6A3430F12671F1760018D8C2 /* Preview Content */ = {
			isa = PBXGroup;
			children = (
				6A3430F22671F1760018D8C2 /* Preview Assets.xcassets */,
			);
			path = "Preview Content";
			sourceTree = "<group>";
		};
		6A3430FC2671F1760018D8C2 /* Match-PlayTests */ = {
			isa = PBXGroup;
			children = (
				6A3430FD2671F1760018D8C2 /* Match_PlayTests.swift */,
				6A3430FF2671F1760018D8C2 /* Info.plist */,
			);
			path = "Match-PlayTests";
			sourceTree = "<group>";
		};
		6A3431072671F1760018D8C2 /* Match-PlayUITests */ = {
			isa = PBXGroup;
			children = (
				6A3431082671F1760018D8C2 /* Match_PlayUITests.swift */,
				6A34310A2671F1760018D8C2 /* Info.plist */,
			);
			path = "Match-PlayUITests";
			sourceTree = "<group>";
		};
		6A3431162671F38F0018D8C2 /* Views */ = {
			isa = PBXGroup;
			children = (
				6A3430ED2671F1750018D8C2 /* ContentView.swift */,
				6A34311E267207910018D8C2 /* UserFeed.swift */,
				6A34312326720B2B0018D8C2 /* MatchView.swift */,
				6A34312526720E660018D8C2 /* ScorePointsView.swift */,
			);
			path = Views;
			sourceTree = "<group>";
		};
		6A3431172671F3AA0018D8C2 /* Models */ = {
			isa = PBXGroup;
			children = (
				6A3431182671F3BA0018D8C2 /* LoginUser.swift */,
				6A34311C267204AC0018D8C2 /* Match.swift */,
				6A34311A2671FB430018D8C2 /* Token.swift */,
			);
			path = Models;
			sourceTree = "<group>";
		};
/* End PBXGroup section */

/* Begin PBXNativeTarget section */
		6A3430E72671F1750018D8C2 /* Match-Play */ = {
			isa = PBXNativeTarget;
			buildConfigurationList = 6A34310D2671F1760018D8C2 /* Build configuration list for PBXNativeTarget "Match-Play" */;
			buildPhases = (
				6A3430E42671F1750018D8C2 /* Sources */,
				6A3430E52671F1750018D8C2 /* Frameworks */,
				6A3430E62671F1750018D8C2 /* Resources */,
			);
			buildRules = (
			);
			dependencies = (
			);
			name = "Match-Play";
			productName = "Match-Play";
			productReference = 6A3430E82671F1750018D8C2 /* Match-Play.app */;
			productType = "com.apple.product-type.application";
		};
		6A3430F82671F1760018D8C2 /* Match-PlayTests */ = {
			isa = PBXNativeTarget;
			buildConfigurationList = 6A3431102671F1760018D8C2 /* Build configuration list for PBXNativeTarget "Match-PlayTests" */;
			buildPhases = (
				6A3430F52671F1760018D8C2 /* Sources */,
				6A3430F62671F1760018D8C2 /* Frameworks */,
				6A3430F72671F1760018D8C2 /* Resources */,
			);
			buildRules = (
			);
			dependencies = (
				6A3430FB2671F1760018D8C2 /* PBXTargetDependency */,
			);
			name = "Match-PlayTests";
			productName = "Match-PlayTests";
			productReference = 6A3430F92671F1760018D8C2 /* Match-PlayTests.xctest */;
			productType = "com.apple.product-type.bundle.unit-test";
		};
		6A3431032671F1760018D8C2 /* Match-PlayUITests */ = {
			isa = PBXNativeTarget;
			buildConfigurationList = 6A3431132671F1760018D8C2 /* Build configuration list for PBXNativeTarget "Match-PlayUITests" */;
			buildPhases = (
				6A3431002671F1760018D8C2 /* Sources */,
				6A3431012671F1760018D8C2 /* Frameworks */,
				6A3431022671F1760018D8C2 /* Resources */,
			);
			buildRules = (
			);
			dependencies = (
				6A3431062671F1760018D8C2 /* PBXTargetDependency */,
			);
			name = "Match-PlayUITests";
			productName = "Match-PlayUITests";
			productReference = 6A3431042671F1760018D8C2 /* Match-PlayUITests.xctest */;
			productType = "com.apple.product-type.bundle.ui-testing";
		};
/* End PBXNativeTarget section */

/* Begin PBXProject section */
		6A3430E02671F1750018D8C2 /* Project object */ = {
			isa = PBXProject;
			attributes = {
				LastSwiftUpdateCheck = 1250;
				LastUpgradeCheck = 1250;
				TargetAttributes = {
					6A3430E72671F1750018D8C2 = {
						CreatedOnToolsVersion = 12.5;
					};
					6A3430F82671F1760018D8C2 = {
						CreatedOnToolsVersion = 12.5;
						TestTargetID = 6A3430E72671F1750018D8C2;
					};
					6A3431032671F1760018D8C2 = {
						CreatedOnToolsVersion = 12.5;
						TestTargetID = 6A3430E72671F1750018D8C2;
					};
				};
			};
			buildConfigurationList = 6A3430E32671F1750018D8C2 /* Build configuration list for PBXProject "Match-Play" */;
			compatibilityVersion = "Xcode 9.3";
			developmentRegion = en;
			hasScannedForEncodings = 0;
			knownRegions = (
				en,
				Base,
			);
			mainGroup = 6A3430DF2671F1750018D8C2;
			productRefGroup = 6A3430E92671F1750018D8C2 /* Products */;
			projectDirPath = "";
			projectRoot = "";
			targets = (
				6A3430E72671F1750018D8C2 /* Match-Play */,
				6A3430F82671F1760018D8C2 /* Match-PlayTests */,
				6A3431032671F1760018D8C2 /* Match-PlayUITests */,
			);
		};
/* End PBXProject section */

/* Begin PBXResourcesBuildPhase section */
		6A3430E62671F1750018D8C2 /* Resources */ = {
			isa = PBXResourcesBuildPhase;
			buildActionMask = 2147483647;
			files = (
				6A3430F32671F1760018D8C2 /* Preview Assets.xcassets in Resources */,
				6A3430F02671F1760018D8C2 /* Assets.xcassets in Resources */,
			);
			runOnlyForDeploymentPostprocessing = 0;
		};
		6A3430F72671F1760018D8C2 /* Resources */ = {
			isa = PBXResourcesBuildPhase;
			buildActionMask = 2147483647;
			files = (
			);
			runOnlyForDeploymentPostprocessing = 0;
		};
		6A3431022671F1760018D8C2 /* Resources */ = {
			isa = PBXResourcesBuildPhase;
			buildActionMask = 2147483647;
			files = (
			);
			runOnlyForDeploymentPostprocessing = 0;
		};
/* End PBXResourcesBuildPhase section */

/* Begin PBXSourcesBuildPhase section */
		6A3430E42671F1750018D8C2 /* Sources */ = {
			isa = PBXSourcesBuildPhase;
			buildActionMask = 2147483647;
			files = (
				6A3430EE2671F1750018D8C2 /* ContentView.swift in Sources */,
				6A3430EC2671F1750018D8C2 /* Match_PlayApp.swift in Sources */,
				6A3431192671F3BA0018D8C2 /* LoginUser.swift in Sources */,
				6A34311D267204AC0018D8C2 /* Match.swift in Sources */,
				6A34312626720E660018D8C2 /* ScorePointsView.swift in Sources */,
				6A34312426720B2B0018D8C2 /* MatchView.swift in Sources */,
				6A34311F267207910018D8C2 /* UserFeed.swift in Sources */,
				6A34311B2671FB430018D8C2 /* Token.swift in Sources */,
			);
			runOnlyForDeploymentPostprocessing = 0;
		};
		6A3430F52671F1760018D8C2 /* Sources */ = {
			isa = PBXSourcesBuildPhase;
			buildActionMask = 2147483647;
			files = (
				6A3430FE2671F1760018D8C2 /* Match_PlayTests.swift in Sources */,
			);
			runOnlyForDeploymentPostprocessing = 0;
		};
		6A3431002671F1760018D8C2 /* Sources */ = {
			isa = PBXSourcesBuildPhase;
			buildActionMask = 2147483647;
			files = (
				6A3431092671F1760018D8C2 /* Match_PlayUITests.swift in Sources */,
			);
			runOnlyForDeploymentPostprocessing = 0;
		};
/* End PBXSourcesBuildPhase section */

/* Begin PBXTargetDependency section */
		6A3430FB2671F1760018D8C2 /* PBXTargetDependency */ = {
			isa = PBXTargetDependency;
			target = 6A3430E72671F1750018D8C2 /* Match-Play */;
			targetProxy = 6A3430FA2671F1760018D8C2 /* PBXContainerItemProxy */;
		};
		6A3431062671F1760018D8C2 /* PBXTargetDependency */ = {
			isa = PBXTargetDependency;
			target = 6A3430E72671F1750018D8C2 /* Match-Play */;
			targetProxy = 6A3431052671F1760018D8C2 /* PBXContainerItemProxy */;
		};
/* End PBXTargetDependency section */

/* Begin XCBuildConfiguration section */
		6A34310B2671F1760018D8C2 /* Debug */ = {
			isa = XCBuildConfiguration;
			buildSettings = {
				ALWAYS_SEARCH_USER_PATHS = NO;
				CLANG_ANALYZER_NONNULL = YES;
				CLANG_ANALYZER_NUMBER_OBJECT_CONVERSION = YES_AGGRESSIVE;
				CLANG_CXX_LANGUAGE_STANDARD = "gnu++14";
				CLANG_CXX_LIBRARY = "libc++";
				CLANG_ENABLE_MODULES = YES;
				CLANG_ENABLE_OBJC_ARC = YES;
				CLANG_ENABLE_OBJC_WEAK = YES;
				CLANG_WARN_BLOCK_CAPTURE_AUTORELEASING = YES;
				CLANG_WARN_BOOL_CONVERSION = YES;
				CLANG_WARN_COMMA = YES;
				CLANG_WARN_CONSTANT_CONVERSION = YES;
				CLANG_WARN_DEPRECATED_OBJC_IMPLEMENTATIONS = YES;
				CLANG_WARN_DIRECT_OBJC_ISA_USAGE = YES_ERROR;
				CLANG_WARN_DOCUMENTATION_COMMENTS = YES;
				CLANG_WARN_EMPTY_BODY = YES;
				CLANG_WARN_ENUM_CONVERSION = YES;
				CLANG_WARN_INFINITE_RECURSION = YES;
				CLANG_WARN_INT_CONVERSION = YES;
				CLANG_WARN_NON_LITERAL_NULL_CONVERSION = YES;
				CLANG_WARN_OBJC_IMPLICIT_RETAIN_SELF = YES;
				CLANG_WARN_OBJC_LITERAL_CONVERSION = YES;
				CLANG_WARN_OBJC_ROOT_CLASS = YES_ERROR;
				CLANG_WARN_QUOTED_INCLUDE_IN_FRAMEWORK_HEADER = YES;
				CLANG_WARN_RANGE_LOOP_ANALYSIS = YES;
				CLANG_WARN_STRICT_PROTOTYPES = YES;
				CLANG_WARN_SUSPICIOUS_MOVE = YES;
				CLANG_WARN_UNGUARDED_AVAILABILITY = YES_AGGRESSIVE;
				CLANG_WARN_UNREACHABLE_CODE = YES;
				CLANG_WARN__DUPLICATE_METHOD_MATCH = YES;
				COPY_PHASE_STRIP = NO;
				DEBUG_INFORMATION_FORMAT = dwarf;
				ENABLE_STRICT_OBJC_MSGSEND = YES;
				ENABLE_TESTABILITY = YES;
				GCC_C_LANGUAGE_STANDARD = gnu11;
				GCC_DYNAMIC_NO_PIC = NO;
				GCC_NO_COMMON_BLOCKS = YES;
				GCC_OPTIMIZATION_LEVEL = 0;
				GCC_PREPROCESSOR_DEFINITIONS = (
					"DEBUG=1",
					"$(inherited)",
				);
				GCC_WARN_64_TO_32_BIT_CONVERSION = YES;
				GCC_WARN_ABOUT_RETURN_TYPE = YES_ERROR;
				GCC_WARN_UNDECLARED_SELECTOR = YES;
				GCC_WARN_UNINITIALIZED_AUTOS = YES_AGGRESSIVE;
				GCC_WARN_UNUSED_FUNCTION = YES;
				GCC_WARN_UNUSED_VARIABLE = YES;
				IPHONEOS_DEPLOYMENT_TARGET = 14.5;
				MTL_ENABLE_DEBUG_INFO = INCLUDE_SOURCE;
				MTL_FAST_MATH = YES;
				ONLY_ACTIVE_ARCH = YES;
				SDKROOT = iphoneos;
				SWIFT_ACTIVE_COMPILATION_CONDITIONS = DEBUG;
				SWIFT_OPTIMIZATION_LEVEL = "-Onone";
			};
			name = Debug;
		};
		6A34310C2671F1760018D8C2 /* Release */ = {
			isa = XCBuildConfiguration;
			buildSettings = {
				ALWAYS_SEARCH_USER_PATHS = NO;
				CLANG_ANALYZER_NONNULL = YES;
				CLANG_ANALYZER_NUMBER_OBJECT_CONVERSION = YES_AGGRESSIVE;
				CLANG_CXX_LANGUAGE_STANDARD = "gnu++14";
				CLANG_CXX_LIBRARY = "libc++";
				CLANG_ENABLE_MODULES = YES;
				CLANG_ENABLE_OBJC_ARC = YES;
				CLANG_ENABLE_OBJC_WEAK = YES;
				CLANG_WARN_BLOCK_CAPTURE_AUTORELEASING = YES;
				CLANG_WARN_BOOL_CONVERSION = YES;
				CLANG_WARN_COMMA = YES;
				CLANG_WARN_CONSTANT_CONVERSION = YES;
				CLANG_WARN_DEPRECATED_OBJC_IMPLEMENTATIONS = YES;
				CLANG_WARN_DIRECT_OBJC_ISA_USAGE = YES_ERROR;
				CLANG_WARN_DOCUMENTATION_COMMENTS = YES;
				CLANG_WARN_EMPTY_BODY = YES;
				CLANG_WARN_ENUM_CONVERSION = YES;
				CLANG_WARN_INFINITE_RECURSION = YES;
				CLANG_WARN_INT_CONVERSION = YES;
				CLANG_WARN_NON_LITERAL_NULL_CONVERSION = YES;
				CLANG_WARN_OBJC_IMPLICIT_RETAIN_SELF = YES;
				CLANG_WARN_OBJC_LITERAL_CONVERSION = YES;
				CLANG_WARN_OBJC_ROOT_CLASS = YES_ERROR;
				CLANG_WARN_QUOTED_INCLUDE_IN_FRAMEWORK_HEADER = YES;
				CLANG_WARN_RANGE_LOOP_ANALYSIS = YES;
				CLANG_WARN_STRICT_PROTOTYPES = YES;
				CLANG_WARN_SUSPICIOUS_MOVE = YES;
				CLANG_WARN_UNGUARDED_AVAILABILITY = YES_AGGRESSIVE;
				CLANG_WARN_UNREACHABLE_CODE = YES;
				CLANG_WARN__DUPLICATE_METHOD_MATCH = YES;
				COPY_PHASE_STRIP = NO;
				DEBUG_INFORMATION_FORMAT = "dwarf-with-dsym";
				ENABLE_NS_ASSERTIONS = NO;
				ENABLE_STRICT_OBJC_MSGSEND = YES;
				GCC_C_LANGUAGE_STANDARD = gnu11;
				GCC_NO_COMMON_BLOCKS = YES;
				GCC_WARN_64_TO_32_BIT_CONVERSION = YES;
				GCC_WARN_ABOUT_RETURN_TYPE = YES_ERROR;
				GCC_WARN_UNDECLARED_SELECTOR = YES;
				GCC_WARN_UNINITIALIZED_AUTOS = YES_AGGRESSIVE;
				GCC_WARN_UNUSED_FUNCTION = YES;
				GCC_WARN_UNUSED_VARIABLE = YES;
				IPHONEOS_DEPLOYMENT_TARGET = 14.5;
				MTL_ENABLE_DEBUG_INFO = NO;
				MTL_FAST_MATH = YES;
				SDKROOT = iphoneos;
				SWIFT_COMPILATION_MODE = wholemodule;
				SWIFT_OPTIMIZATION_LEVEL = "-O";
				VALIDATE_PRODUCT = YES;
			};
			name = Release;
		};
		6A34310E2671F1760018D8C2 /* Debug */ = {
			isa = XCBuildConfiguration;
			buildSettings = {
				ASSETCATALOG_COMPILER_APPICON_NAME = AppIcon;
				ASSETCATALOG_COMPILER_GLOBAL_ACCENT_COLOR_NAME = AccentColor;
				CODE_SIGN_STYLE = Automatic;
				DEVELOPMENT_ASSET_PATHS = "\"Match-Play/Preview Content\"";
				ENABLE_PREVIEWS = YES;
				INFOPLIST_FILE = "Match-Play/Info.plist";
				IPHONEOS_DEPLOYMENT_TARGET = 14.0;
				LD_RUNPATH_SEARCH_PATHS = (
					"$(inherited)",
					"@executable_path/Frameworks",
				);
				PRODUCT_BUNDLE_IDENTIFIER = "com.Match-Play";
				PRODUCT_NAME = "$(TARGET_NAME)";
				SWIFT_VERSION = 5.0;
				TARGETED_DEVICE_FAMILY = "1,2";
			};
			name = Debug;
		};
		6A34310F2671F1760018D8C2 /* Release */ = {
			isa = XCBuildConfiguration;
			buildSettings = {
				ASSETCATALOG_COMPILER_APPICON_NAME = AppIcon;
				ASSETCATALOG_COMPILER_GLOBAL_ACCENT_COLOR_NAME = AccentColor;
				CODE_SIGN_STYLE = Automatic;
				DEVELOPMENT_ASSET_PATHS = "\"Match-Play/Preview Content\"";
				ENABLE_PREVIEWS = YES;
				INFOPLIST_FILE = "Match-Play/Info.plist";
				IPHONEOS_DEPLOYMENT_TARGET = 14.0;
				LD_RUNPATH_SEARCH_PATHS = (
					"$(inherited)",
					"@executable_path/Frameworks",
				);
				PRODUCT_BUNDLE_IDENTIFIER = "com.Match-Play";
				PRODUCT_NAME = "$(TARGET_NAME)";
				SWIFT_VERSION = 5.0;
				TARGETED_DEVICE_FAMILY = "1,2";
			};
			name = Release;
		};
		6A3431112671F1760018D8C2 /* Debug */ = {
			isa = XCBuildConfiguration;
			buildSettings = {
				ALWAYS_EMBED_SWIFT_STANDARD_LIBRARIES = YES;
				BUNDLE_LOADER = "$(TEST_HOST)";
				CODE_SIGN_STYLE = Automatic;
				INFOPLIST_FILE = "Match-PlayTests/Info.plist";
				IPHONEOS_DEPLOYMENT_TARGET = 14.0;
				LD_RUNPATH_SEARCH_PATHS = (
					"$(inherited)",
					"@executable_path/Frameworks",
					"@loader_path/Frameworks",
				);
				PRODUCT_BUNDLE_IDENTIFIER = "com.Match-PlayTests";
				PRODUCT_NAME = "$(TARGET_NAME)";
				SWIFT_VERSION = 5.0;
				TARGETED_DEVICE_FAMILY = "1,2";
				TEST_HOST = "$(BUILT_PRODUCTS_DIR)/Match-Play.app/Match-Play";
			};
			name = Debug;
		};
		6A3431122671F1760018D8C2 /* Release */ = {
			isa = XCBuildConfiguration;
			buildSettings = {
				ALWAYS_EMBED_SWIFT_STANDARD_LIBRARIES = YES;
				BUNDLE_LOADER = "$(TEST_HOST)";
				CODE_SIGN_STYLE = Automatic;
				INFOPLIST_FILE = "Match-PlayTests/Info.plist";
				IPHONEOS_DEPLOYMENT_TARGET = 14.0;
				LD_RUNPATH_SEARCH_PATHS = (
					"$(inherited)",
					"@executable_path/Frameworks",
					"@loader_path/Frameworks",
				);
				PRODUCT_BUNDLE_IDENTIFIER = "com.Match-PlayTests";
				PRODUCT_NAME = "$(TARGET_NAME)";
				SWIFT_VERSION = 5.0;
				TARGETED_DEVICE_FAMILY = "1,2";
				TEST_HOST = "$(BUILT_PRODUCTS_DIR)/Match-Play.app/Match-Play";
			};
			name = Release;
		};
		6A3431142671F1760018D8C2 /* Debug */ = {
			isa = XCBuildConfiguration;
			buildSettings = {
				ALWAYS_EMBED_SWIFT_STANDARD_LIBRARIES = YES;
				CODE_SIGN_STYLE = Automatic;
				INFOPLIST_FILE = "Match-PlayUITests/Info.plist";
				LD_RUNPATH_SEARCH_PATHS = (
					"$(inherited)",
					"@executable_path/Frameworks",
					"@loader_path/Frameworks",
				);
				PRODUCT_BUNDLE_IDENTIFIER = "com.Match-PlayUITests";
				PRODUCT_NAME = "$(TARGET_NAME)";
				SWIFT_VERSION = 5.0;
				TARGETED_DEVICE_FAMILY = "1,2";
				TEST_TARGET_NAME = "Match-Play";
			};
			name = Debug;
		};
		6A3431152671F1760018D8C2 /* Release */ = {
			isa = XCBuildConfiguration;
			buildSettings = {
				ALWAYS_EMBED_SWIFT_STANDARD_LIBRARIES = YES;
				CODE_SIGN_STYLE = Automatic;
				INFOPLIST_FILE = "Match-PlayUITests/Info.plist";
				LD_RUNPATH_SEARCH_PATHS = (
					"$(inherited)",
					"@executable_path/Frameworks",
					"@loader_path/Frameworks",
				);
				PRODUCT_BUNDLE_IDENTIFIER = "com.Match-PlayUITests";
				PRODUCT_NAME = "$(TARGET_NAME)";
				SWIFT_VERSION = 5.0;
				TARGETED_DEVICE_FAMILY = "1,2";
				TEST_TARGET_NAME = "Match-Play";
			};
			name = Release;
		};
/* End XCBuildConfiguration section */

/* Begin XCConfigurationList section */
		6A3430E32671F1750018D8C2 /* Build configuration list for PBXProject "Match-Play" */ = {
			isa = XCConfigurationList;
			buildConfigurations = (
				6A34310B2671F1760018D8C2 /* Debug */,
				6A34310C2671F1760018D8C2 /* Release */,
			);
			defaultConfigurationIsVisible = 0;
			defaultConfigurationName = Release;
		};
		6A34310D2671F1760018D8C2 /* Build configuration list for PBXNativeTarget "Match-Play" */ = {
			isa = XCConfigurationList;
			buildConfigurations = (
				6A34310E2671F1760018D8C2 /* Debug */,
				6A34310F2671F1760018D8C2 /* Release */,
			);
			defaultConfigurationIsVisible = 0;
			defaultConfigurationName = Release;
		};
		6A3431102671F1760018D8C2 /* Build configuration list for PBXNativeTarget "Match-PlayTests" */ = {
			isa = XCConfigurationList;
			buildConfigurations = (
				6A3431112671F1760018D8C2 /* Debug */,
				6A3431122671F1760018D8C2 /* Release */,
			);
			defaultConfigurationIsVisible = 0;
			defaultConfigurationName = Release;
		};
		6A3431132671F1760018D8C2 /* Build configuration list for PBXNativeTarget "Match-PlayUITests" */ = {
			isa = XCConfigurationList;
			buildConfigurations = (
				6A3431142671F1760018D8C2 /* Debug */,
				6A3431152671F1760018D8C2 /* Release */,
			);
			defaultConfigurationIsVisible = 0;
			defaultConfigurationName = Release;
		};
/* End XCConfigurationList section */
	};
	rootObject = 6A3430E02671F1750018D8C2 /* Project object */;
}
